
Microsoft Visual Studio Solution File, Format Version 12.00
# Visual Studio Version 17
VisualStudioVersion = 17.7.34009.444
MinimumVisualStudioVersion = 10.0.40219.1
Project("{9A19103F-16F7-4668-BE54-9A1E7A4F7556}") = "GameMaker.Engine", "GameMaker.Engine\GameMaker.Engine.csproj", "{56646FD9-BD99-4C86-A247-03A609E2A998}"
EndProject
Project("{FAE04EC0-301F-11D3-BF4B-00C04F79EFBC}") = "GameMakerEngineTestWindows", "GameMakerEngineTestWindows\GameMakerEngineTestWindows.csproj", "{708697DC-D5F2-487B-BA68-6F6C93A50761}"
EndProject
Global
	GlobalSection(SolutionConfigurationPlatforms) = preSolution
		Debug|Any CPU = Debug|Any CPU
		Release|Any CPU = Release|Any CPU
	EndGlobalSection
	GlobalSection(ProjectConfigurationPlatforms) = postSolution
		{56646FD9-BD99-4C86-A247-03A609E2A998}.Debug|Any CPU.ActiveCfg = Debug|Any CPU
		{56646FD9-BD99-4C86-A247-03A609E2A998}.Debug|Any CPU.Build.0 = Debug|Any CPU
		{56646FD9-BD99-4C86-A247-03A609E2A998}.Release|Any CPU.ActiveCfg = Release|Any CPU
		{56646FD9-BD99-4C86-A247-03A609E2A998}.Release|Any CPU.Build.0 = Release|Any CPU
		{708697DC-D5F2-487B-BA68-6F6C93A50761}.Debug|Any CPU.ActiveCfg = Debug|Any CPU
		{708697DC-D5F2-487B-BA68-6F6C93A50761}.Debug|Any CPU.Build.0 = Debug|Any CPU
		{708697DC-D5F2-487B-BA68-6F6C93A50761}.Release|Any CPU.ActiveCfg = Release|Any CPU
		{708697DC-D5F2-487B-BA68-6F6C93A50761}.Release|Any CPU.Build.0 = Release|Any CPU
	EndGlobalSection
	GlobalSection(SolutionProperties) = preSolution
		HideSolutionNode = FALSE
	EndGlobalSection
	GlobalSection(ExtensibilityGlobals) = postSolution
		SolutionGuid = {4544D160-8206-4693-B9B4-B52F1B7F0C19}
	EndGlobalSection
EndGlobal
